// !$*UTF8*$!
{
	archiveVersion = 1;
	classes = {
	};
	objectVersion = 48;
	objects = {

/* Begin PBXBuildFile section */
		4D8650471F5AC8C80099498A /* AppDelegate.swift in Sources */ = {isa = PBXBuildFile; fileRef = 4D8650461F5AC8C80099498A /* AppDelegate.swift */; };
		4D8650491F5AC8C80099498A /* ViewController.swift in Sources */ = {isa = PBXBuildFile; fileRef = 4D8650481F5AC8C80099498A /* ViewController.swift */; };
		4D86504C1F5AC8C80099498A /* Main.storyboard in Resources */ = {isa = PBXBuildFile; fileRef = 4D86504A1F5AC8C80099498A /* Main.storyboard */; };
		4D86504E1F5AC8C80099498A /* Assets.xcassets in Resources */ = {isa = PBXBuildFile; fileRef = 4D86504D1F5AC8C80099498A /* Assets.xcassets */; };
		4D8650511F5AC8C80099498A /* LaunchScreen.storyboard in Resources */ = {isa = PBXBuildFile; fileRef = 4D86504F1F5AC8C80099498A /* LaunchScreen.storyboard */; };
		4D86505F1F5AC9F90099498A /* TableViewController.swift in Sources */ = {isa = PBXBuildFile; fileRef = 4D86505E1F5AC9F90099498A /* TableViewController.swift */; };
		4D9441891F5ACC80007F4364 /* Kerner.framework in Frameworks */ = {isa = PBXBuildFile; fileRef = 4D6ACF5D1F5ACC0700082F80 /* Kerner.framework */; };
		4D94418A1F5ACC80007F4364 /* Kerner.framework in Embed Frameworks */ = {isa = PBXBuildFile; fileRef = 4D6ACF5D1F5ACC0700082F80 /* Kerner.framework */; settings = {ATTRIBUTES = (CodeSignOnCopy, RemoveHeadersOnCopy, ); }; };
		4DBABB111F5ACAB3004DC2C3 /* Samples.swift in Sources */ = {isa = PBXBuildFile; fileRef = 4DBABB101F5ACAB3004DC2C3 /* Samples.swift */; };
/* End PBXBuildFile section */

/* Begin PBXContainerItemProxy section */
		4D6ACF5C1F5ACC0700082F80 /* PBXContainerItemProxy */ = {
			isa = PBXContainerItemProxy;
			containerPortal = 4D6ACF581F5ACC0700082F80 /* Kerner.xcodeproj */;
			proxyType = 2;
			remoteGlobalIDString = 4D86502F1F5AC8A90099498A;
			remoteInfo = Kerner;
		};
		4D94418B1F5ACC80007F4364 /* PBXContainerItemProxy */ = {
			isa = PBXContainerItemProxy;
			containerPortal = 4D6ACF581F5ACC0700082F80 /* Kerner.xcodeproj */;
			proxyType = 1;
			remoteGlobalIDString = 4D86502E1F5AC8A90099498A;
			remoteInfo = Kerner;
		};
/* End PBXContainerItemProxy section */

/* Begin PBXCopyFilesBuildPhase section */
		4D94418D1F5ACC80007F4364 /* Embed Frameworks */ = {
			isa = PBXCopyFilesBuildPhase;
			buildActionMask = 2147483647;
			dstPath = "";
			dstSubfolderSpec = 10;
			files = (
				4D94418A1F5ACC80007F4364 /* Kerner.framework in Embed Frameworks */,
			);
			name = "Embed Frameworks";
			runOnlyForDeploymentPostprocessing = 0;
		};
/* End PBXCopyFilesBuildPhase section */

/* Begin PBXFileReference section */
		4D6ACF581F5ACC0700082F80 /* Kerner.xcodeproj */ = {isa = PBXFileReference; lastKnownFileType = "wrapper.pb-project"; name = Kerner.xcodeproj; path = ../Kerner/Kerner.xcodeproj; sourceTree = "<group>"; };
		4D8650431F5AC8C80099498A /* KernerSample.app */ = {isa = PBXFileReference; explicitFileType = wrapper.application; includeInIndex = 0; path = KernerSample.app; sourceTree = BUILT_PRODUCTS_DIR; };
		4D8650461F5AC8C80099498A /* AppDelegate.swift */ = {isa = PBXFileReference; lastKnownFileType = sourcecode.swift; path = AppDelegate.swift; sourceTree = "<group>"; };
		4D8650481F5AC8C80099498A /* ViewController.swift */ = {isa = PBXFileReference; lastKnownFileType = sourcecode.swift; path = ViewController.swift; sourceTree = "<group>"; };
		4D86504B1F5AC8C80099498A /* Base */ = {isa = PBXFileReference; lastKnownFileType = file.storyboard; name = Base; path = Base.lproj/Main.storyboard; sourceTree = "<group>"; };
		4D86504D1F5AC8C80099498A /* Assets.xcassets */ = {isa = PBXFileReference; lastKnownFileType = folder.assetcatalog; path = Assets.xcassets; sourceTree = "<group>"; };
		4D8650501F5AC8C80099498A /* Base */ = {isa = PBXFileReference; lastKnownFileType = file.storyboard; name = Base; path = Base.lproj/LaunchScreen.storyboard; sourceTree = "<group>"; };
		4D8650521F5AC8C80099498A /* Info.plist */ = {isa = PBXFileReference; lastKnownFileType = text.plist.xml; path = Info.plist; sourceTree = "<group>"; };
		4D86505E1F5AC9F90099498A /* TableViewController.swift */ = {isa = PBXFileReference; lastKnownFileType = sourcecode.swift; path = TableViewController.swift; sourceTree = "<group>"; };
		4DBABB101F5ACAB3004DC2C3 /* Samples.swift */ = {isa = PBXFileReference; lastKnownFileType = sourcecode.swift; path = Samples.swift; sourceTree = "<group>"; };
/* End PBXFileReference section */

/* Begin PBXFrameworksBuildPhase section */
		4D8650401F5AC8C80099498A /* Frameworks */ = {
			isa = PBXFrameworksBuildPhase;
			buildActionMask = 2147483647;
			files = (
				4D9441891F5ACC80007F4364 /* Kerner.framework in Frameworks */,
			);
			runOnlyForDeploymentPostprocessing = 0;
		};
/* End PBXFrameworksBuildPhase section */

/* Begin PBXGroup section */
		4D6ACF591F5ACC0700082F80 /* Products */ = {
			isa = PBXGroup;
			children = (
				4D6ACF5D1F5ACC0700082F80 /* Kerner.framework */,
			);
			name = Products;
			sourceTree = "<group>";
		};
		4D86503A1F5AC8C80099498A = {
			isa = PBXGroup;
			children = (
				4D6ACF581F5ACC0700082F80 /* Kerner.xcodeproj */,
				4D8650451F5AC8C80099498A /* KernerSample */,
				4D8650441F5AC8C80099498A /* Products */,
				4D9441811F5ACC67007F4364 /* Frameworks */,
			);
			sourceTree = "<group>";
		};
		4D8650441F5AC8C80099498A /* Products */ = {
			isa = PBXGroup;
			children = (
				4D8650431F5AC8C80099498A /* KernerSample.app */,
			);
			name = Products;
			sourceTree = "<group>";
		};
		4D8650451F5AC8C80099498A /* KernerSample */ = {
			isa = PBXGroup;
			children = (
				4D8650461F5AC8C80099498A /* AppDelegate.swift */,
				4D8650481F5AC8C80099498A /* ViewController.swift */,
				4D86505E1F5AC9F90099498A /* TableViewController.swift */,
				4DBABB101F5ACAB3004DC2C3 /* Samples.swift */,
				4D86504A1F5AC8C80099498A /* Main.storyboard */,
				4D86504D1F5AC8C80099498A /* Assets.xcassets */,
				4D86504F1F5AC8C80099498A /* LaunchScreen.storyboard */,
				4D8650521F5AC8C80099498A /* Info.plist */,
			);
			path = KernerSample;
			sourceTree = "<group>";
		};
		4D9441811F5ACC67007F4364 /* Frameworks */ = {
			isa = PBXGroup;
			children = (
			);
			name = Frameworks;
			sourceTree = "<group>";
		};
/* End PBXGroup section */

/* Begin PBXNativeTarget section */
		4D8650421F5AC8C80099498A /* KernerSample */ = {
			isa = PBXNativeTarget;
			buildConfigurationList = 4D8650551F5AC8C80099498A /* Build configuration list for PBXNativeTarget "KernerSample" */;
			buildPhases = (
				4D86503F1F5AC8C80099498A /* Sources */,
				4D8650401F5AC8C80099498A /* Frameworks */,
				4D8650411F5AC8C80099498A /* Resources */,
				4D94418D1F5ACC80007F4364 /* Embed Frameworks */,
			);
			buildRules = (
			);
			dependencies = (
				4D94418C1F5ACC80007F4364 /* PBXTargetDependency */,
			);
			name = KernerSample;
			productName = KernerSample;
			productReference = 4D8650431F5AC8C80099498A /* KernerSample.app */;
			productType = "com.apple.product-type.application";
		};
/* End PBXNativeTarget section */

/* Begin PBXProject section */
		4D86503B1F5AC8C80099498A /* Project object */ = {
			isa = PBXProject;
			attributes = {
				LastSwiftUpdateCheck = 0900;
				LastUpgradeCheck = 0900;
				ORGANIZATIONNAME = Ikai;
				TargetAttributes = {
					4D8650421F5AC8C80099498A = {
						CreatedOnToolsVersion = 9.0;
						ProvisioningStyle = Automatic;
					};
				};
			};
			buildConfigurationList = 4D86503E1F5AC8C80099498A /* Build configuration list for PBXProject "KernerSample" */;
			compatibilityVersion = "Xcode 8.0";
			developmentRegion = en;
			hasScannedForEncodings = 0;
			knownRegions = (
				en,
				Base,
			);
			mainGroup = 4D86503A1F5AC8C80099498A;
			productRefGroup = 4D8650441F5AC8C80099498A /* Products */;
			projectDirPath = "";
			projectReferences = (
				{
					ProductGroup = 4D6ACF591F5ACC0700082F80 /* Products */;
					ProjectRef = 4D6ACF581F5ACC0700082F80 /* Kerner.xcodeproj */;
				},
			);
			projectRoot = "";
			targets = (
				4D8650421F5AC8C80099498A /* KernerSample */,
			);
		};
/* End PBXProject section */

/* Begin PBXReferenceProxy section */
		4D6ACF5D1F5ACC0700082F80 /* Kerner.framework */ = {
			isa = PBXReferenceProxy;
			fileType = wrapper.framework;
			path = Kerner.framework;
			remoteRef = 4D6ACF5C1F5ACC0700082F80 /* PBXContainerItemProxy */;
			sourceTree = BUILT_PRODUCTS_DIR;
		};
/* End PBXReferenceProxy section */

/* Begin PBXResourcesBuildPhase section */
		4D8650411F5AC8C80099498A /* Resources */ = {
			isa = PBXResourcesBuildPhase;
			buildActionMask = 2147483647;
			files = (
				4D8650511F5AC8C80099498A /* LaunchScreen.storyboard in Resources */,
				4D86504E1F5AC8C80099498A /* Assets.xcassets in Resources */,
				4D86504C1F5AC8C80099498A /* Main.storyboard in Resources */,
			);
			runOnlyForDeploymentPostprocessing = 0;
		};
/* End PBXResourcesBuildPhase section */

/* Begin PBXSourcesBuildPhase section */
		4D86503F1F5AC8C80099498A /* Sources */ = {
			isa = PBXSourcesBuildPhase;
			buildActionMask = 2147483647;
			files = (
				4D8650491F5AC8C80099498A /* ViewController.swift in Sources */,
				4DBABB111F5ACAB3004DC2C3 /* Samples.swift in Sources */,
				4D86505F1F5AC9F90099498A /* TableViewController.swift in Sources */,
				4D8650471F5AC8C80099498A /* AppDelegate.swift in Sources */,
			);
			runOnlyForDeploymentPostprocessing = 0;
		};
/* End PBXSourcesBuildPhase section */

/* Begin PBXTargetDependency section */
		4D94418C1F5ACC80007F4364 /* PBXTargetDependency */ = {
			isa = PBXTargetDependency;
			name = Kerner;
			targetProxy = 4D94418B1F5ACC80007F4364 /* PBXContainerItemProxy */;
		};
/* End PBXTargetDependency section */

/* Begin PBXVariantGroup section */
		4D86504A1F5AC8C80099498A /* Main.storyboard */ = {
			isa = PBXVariantGroup;
			children = (
				4D86504B1F5AC8C80099498A /* Base */,
			);
			name = Main.storyboard;
			sourceTree = "<group>";
		};
		4D86504F1F5AC8C80099498A /* LaunchScreen.storyboard */ = {
			isa = PBXVariantGroup;
			children = (
				4D8650501F5AC8C80099498A /* Base */,
			);
			name = LaunchScreen.storyboard;
			sourceTree = "<group>";
		};
/* End PBXVariantGroup section */

/* Begin XCBuildConfiguration section */
		4D8650531F5AC8C80099498A /* Debug */ = {
			isa = XCBuildConfiguration;
			buildSettings = {
				ALWAYS_SEARCH_USER_PATHS = NO;
				CLANG_ANALYZER_NONNULL = YES;
				CLANG_ANALYZER_NUMBER_OBJECT_CONVERSION = YES_AGGRESSIVE;
				CLANG_CXX_LANGUAGE_STANDARD = "gnu++14";
				CLANG_CXX_LIBRARY = "libc++";
				CLANG_ENABLE_MODULES = YES;
				CLANG_ENABLE_OBJC_ARC = YES;
				CLANG_WARN_BLOCK_CAPTURE_AUTORELEASING = YES;
				CLANG_WARN_BOOL_CONVERSION = YES;
				CLANG_WARN_COMMA = YES;
				CLANG_WARN_CONSTANT_CONVERSION = YES;
				CLANG_WARN_DIRECT_OBJC_ISA_USAGE = YES_ERROR;
				CLANG_WARN_DOCUMENTATION_COMMENTS = YES;
				CLANG_WARN_EMPTY_BODY = YES;
				CLANG_WARN_ENUM_CONVERSION = YES;
				CLANG_WARN_INFINITE_RECURSION = YES;
				CLANG_WARN_INT_CONVERSION = YES;
				CLANG_WARN_NON_LITERAL_NULL_CONVERSION = YES;
				CLANG_WARN_OBJC_LITERAL_CONVERSION = YES;
				CLANG_WARN_OBJC_ROOT_CLASS = YES_ERROR;
				CLANG_WARN_RANGE_LOOP_ANALYSIS = YES;
				CLANG_WARN_STRICT_PROTOTYPES = YES;
				CLANG_WARN_SUSPICIOUS_MOVE = YES;
				CLANG_WARN_UNGUARDED_AVAILABILITY = YES_AGGRESSIVE;
				CLANG_WARN_UNREACHABLE_CODE = YES;
				CLANG_WARN__DUPLICATE_METHOD_MATCH = YES;
				CODE_SIGN_IDENTITY = "iPhone Developer";
				COPY_PHASE_STRIP = NO;
				DEBUG_INFORMATION_FORMAT = dwarf;
				ENABLE_STRICT_OBJC_MSGSEND = YES;
				ENABLE_TESTABILITY = YES;
				GCC_C_LANGUAGE_STANDARD = gnu11;
				GCC_DYNAMIC_NO_PIC = NO;
				GCC_NO_COMMON_BLOCKS = YES;
				GCC_OPTIMIZATION_LEVEL = 0;
				GCC_PREPROCESSOR_DEFINITIONS = (
					"DEBUG=1",
					"$(inherited)",
				);
				GCC_WARN_64_TO_32_BIT_CONVERSION = YES;
				GCC_WARN_ABOUT_RETURN_TYPE = YES_ERROR;
				GCC_WARN_UNDECLARED_SELECTOR = YES;
				GCC_WARN_UNINITIALIZED_AUTOS = YES_AGGRESSIVE;
				GCC_WARN_UNUSED_FUNCTION = YES;
				GCC_WARN_UNUSED_VARIABLE = YES;
				IPHONEOS_DEPLOYMENT_TARGET = 11.0;
				MTL_ENABLE_DEBUG_INFO = YES;
				ONLY_ACTIVE_ARCH = YES;
				SDKROOT = iphoneos;
				SWIFT_ACTIVE_COMPILATION_CONDITIONS = DEBUG;
				SWIFT_OPTIMIZATION_LEVEL = "-Onone";
			};
			name = Debug;
		};
		4D8650541F5AC8C80099498A /* Release */ = {
			isa = XCBuildConfiguration;
			buildSettings = {
				ALWAYS_SEARCH_USER_PATHS = NO;
				CLANG_ANALYZER_NONNULL = YES;
				CLANG_ANALYZER_NUMBER_OBJECT_CONVERSION = YES_AGGRESSIVE;
				CLANG_CXX_LANGUAGE_STANDARD = "gnu++14";
				CLANG_CXX_LIBRARY = "libc++";
				CLANG_ENABLE_MODULES = YES;
				CLANG_ENABLE_OBJC_ARC = YES;
				CLANG_WARN_BLOCK_CAPTURE_AUTORELEASING = YES;
				CLANG_WARN_BOOL_CONVERSION = YES;
				CLANG_WARN_COMMA = YES;
				CLANG_WARN_CONSTANT_CONVERSION = YES;
				CLANG_WARN_DIRECT_OBJC_ISA_USAGE = YES_ERROR;
				CLANG_WARN_DOCUMENTATION_COMMENTS = YES;
				CLANG_WARN_EMPTY_BODY = YES;
				CLANG_WARN_ENUM_CONVERSION = YES;
				CLANG_WARN_INFINITE_RECURSION = YES;
				CLANG_WARN_INT_CONVERSION = YES;
				CLANG_WARN_NON_LITERAL_NULL_CONVERSION = YES;
				CLANG_WARN_OBJC_LITERAL_CONVERSION = YES;
				CLANG_WARN_OBJC_ROOT_CLASS = YES_ERROR;
				CLANG_WARN_RANGE_LOOP_ANALYSIS = YES;
				CLANG_WARN_STRICT_PROTOTYPES = YES;
				CLANG_WARN_SUSPICIOUS_MOVE = YES;
				CLANG_WARN_UNGUARDED_AVAILABILITY = YES_AGGRESSIVE;
				CLANG_WARN_UNREACHABLE_CODE = YES;
				CLANG_WARN__DUPLICATE_METHOD_MATCH = YES;
				CODE_SIGN_IDENTITY = "iPhone Developer";
				COPY_PHASE_STRIP = NO;
				DEBUG_INFORMATION_FORMAT = "dwarf-with-dsym";
				ENABLE_NS_ASSERTIONS = NO;
				ENABLE_STRICT_OBJC_MSGSEND = YES;
				GCC_C_LANGUAGE_STANDARD = gnu11;
				GCC_NO_COMMON_BLOCKS = YES;
				GCC_WARN_64_TO_32_BIT_CONVERSION = YES;
				GCC_WARN_ABOUT_RETURN_TYPE = YES_ERROR;
				GCC_WARN_UNDECLARED_SELECTOR = YES;
				GCC_WARN_UNINITIALIZED_AUTOS = YES_AGGRESSIVE;
				GCC_WARN_UNUSED_FUNCTION = YES;
				GCC_WARN_UNUSED_VARIABLE = YES;
				IPHONEOS_DEPLOYMENT_TARGET = 11.0;
				MTL_ENABLE_DEBUG_INFO = NO;
				SDKROOT = iphoneos;
				SWIFT_OPTIMIZATION_LEVEL = "-Owholemodule";
				VALIDATE_PRODUCT = YES;
			};
			name = Release;
		};
		4D8650561F5AC8C80099498A /* Debug */ = {
			isa = XCBuildConfiguration;
			buildSettings = {
				ALWAYS_EMBED_SWIFT_STANDARD_LIBRARIES = YES;
				ASSETCATALOG_COMPILER_APPICON_NAME = AppIcon;
				"CODE_SIGN_IDENTITY[sdk=iphoneos*]" = "iPhone Developer";
				CODE_SIGN_STYLE = Automatic;
				DEVELOPMENT_TEAM = "";
				INFOPLIST_FILE = KernerSample/Info.plist;
				IPHONEOS_DEPLOYMENT_TARGET = 9.0;
				LD_RUNPATH_SEARCH_PATHS = "$(inherited) @executable_path/Frameworks";
				PRODUCT_BUNDLE_IDENTIFIER = tokyo.ikai.KernerSample;
				PRODUCT_NAME = "$(TARGET_NAME)";
				PROVISIONING_PROFILE_SPECIFIER = "";
				SWIFT_VERSION = 4.0;
				TARGETED_DEVICE_FAMILY = "1,2";
			};
			name = Debug;
		};
		4D8650571F5AC8C80099498A /* Release */ = {
			isa = XCBuildConfiguration;
			buildSettings = {
				ALWAYS_EMBED_SWIFT_STANDARD_LIBRARIES = YES;
				ASSETCATALOG_COMPILER_APPICON_NAME = AppIcon;
				"CODE_SIGN_IDENTITY[sdk=iphoneos*]" = "iPhone Developer";
				CODE_SIGN_STYLE = Automatic;
				DEVELOPMENT_TEAM = "";
				INFOPLIST_FILE = KernerSample/Info.plist;
				IPHONEOS_DEPLOYMENT_TARGET = 9.0;
				LD_RUNPATH_SEARCH_PATHS = "$(inherited) @executable_path/Frameworks";
				PRODUCT_BUNDLE_IDENTIFIER = tokyo.ikai.KernerSample;
				PRODUCT_NAME = "$(TARGET_NAME)";
				PROVISIONING_PROFILE_SPECIFIER = "";
				SWIFT_VERSION = 4.0;
				TARGETED_DEVICE_FAMILY = "1,2";
			};
			name = Release;
		};
/* End XCBuildConfiguration section */

/* Begin XCConfigurationList section */
		4D86503E1F5AC8C80099498A /* Build configuration list for PBXProject "KernerSample" */ = {
			isa = XCConfigurationList;
			buildConfigurations = (
				4D8650531F5AC8C80099498A /* Debug */,
				4D8650541F5AC8C80099498A /* Release */,
			);
			defaultConfigurationIsVisible = 0;
			defaultConfigurationName = Release;
		};
		4D8650551F5AC8C80099498A /* Build configuration list for PBXNativeTarget "KernerSample" */ = {
			isa = XCConfigurationList;
			buildConfigurations = (
				4D8650561F5AC8C80099498A /* Debug */,
				4D8650571F5AC8C80099498A /* Release */,
			);
			defaultConfigurationIsVisible = 0;
			defaultConfigurationName = Release;
		};
/* End XCConfigurationList section */
	};
	rootObject = 4D86503B1F5AC8C80099498A /* Project object */;
}
